
Microsoft Visual Studio Solution File, Format Version 12.00
# Visual Studio Version 17
VisualStudioVersion = 17.3.32901.215
MinimumVisualStudioVersion = 10.0.40219.1
Project("{FAE04EC0-301F-11D3-BF4B-00C04F79EFBC}") = "LinkedListImplementation", "LinkedListImplementation\LinkedListImplementation.csproj", "{9F173397-38A3-49C9-9D7C-239104B780D3}"
EndProject
Global
	GlobalSection(SolutionConfigurationPlatforms) = preSolution
		Debug|Any CPU = Debug|Any CPU
		Release|Any CPU = Release|Any CPU
	EndGlobalSection
	GlobalSection(ProjectConfigurationPlatforms) = postSolution
		{9F173397-38A3-49C9-9D7C-239104B780D3}.Debug|Any CPU.ActiveCfg = Debug|Any CPU
		{9F173397-38A3-49C9-9D7C-239104B780D3}.Debug|Any CPU.Build.0 = Debug|Any CPU
		{9F173397-38A3-49C9-9D7C-239104B780D3}.Release|Any CPU.ActiveCfg = Release|Any CPU
		{9F173397-38A3-49C9-9D7C-239104B780D3}.Release|Any CPU.Build.0 = Release|Any CPU
	EndGlobalSection
	GlobalSection(SolutionProperties) = preSolution
		HideSolutionNode = FALSE
	EndGlobalSection
	GlobalSection(ExtensibilityGlobals) = postSolution
		SolutionGuid = {1662EA14-05EB-4CD4-8F13-9A95BFA0ABD1}
	EndGlobalSection
EndGlobal
